
Microsoft Visual Studio Solution File, Format Version 12.00
# Visual Studio Version 17
VisualStudioVersion = 17.7.34031.279
MinimumVisualStudioVersion = 10.0.40219.1
Project("{FAE04EC0-301F-11D3-BF4B-00C04F79EFBC}") = "OdevDeneme", "OdevDeneme\OdevDeneme.csproj", "{D7E80F21-0155-487B-A6CF-E4E0A29798CD}"
EndProject
Global
	GlobalSection(SolutionConfigurationPlatforms) = preSolution
		Debug|Any CPU = Debug|Any CPU
		Release|Any CPU = Release|Any CPU
	EndGlobalSection
	GlobalSection(ProjectConfigurationPlatforms) = postSolution
		{D7E80F21-0155-487B-A6CF-E4E0A29798CD}.Debug|Any CPU.ActiveCfg = Debug|Any CPU
		{D7E80F21-0155-487B-A6CF-E4E0A29798CD}.Debug|Any CPU.Build.0 = Debug|Any CPU
		{D7E80F21-0155-487B-A6CF-E4E0A29798CD}.Release|Any CPU.ActiveCfg = Release|Any CPU
		{D7E80F21-0155-487B-A6CF-E4E0A29798CD}.Release|Any CPU.Build.0 = Release|Any CPU
	EndGlobalSection
	GlobalSection(SolutionProperties) = preSolution
		HideSolutionNode = FALSE
	EndGlobalSection
	GlobalSection(ExtensibilityGlobals) = postSolution
		SolutionGuid = {95AF8D57-03BA-4F3A-898B-91CC0306D5AB}
	EndGlobalSection
EndGlobal
