
Microsoft Visual Studio Solution File, Format Version 12.00
# Visual Studio Version 17
VisualStudioVersion = 17.7.34031.279
MinimumVisualStudioVersion = 10.0.40219.1
Project("{FAE04EC0-301F-11D3-BF4B-00C04F79EFBC}") = "OdevDeneme", "OdevDeneme\OdevDeneme.csproj", "{33E508DD-71B1-423F-B4BD-EFDB556BDCDD}"
EndProject
Global
	GlobalSection(SolutionConfigurationPlatforms) = preSolution
		Debug|Any CPU = Debug|Any CPU
		Release|Any CPU = Release|Any CPU
	EndGlobalSection
	GlobalSection(ProjectConfigurationPlatforms) = postSolution
		{33E508DD-71B1-423F-B4BD-EFDB556BDCDD}.Debug|Any CPU.ActiveCfg = Debug|Any CPU
		{33E508DD-71B1-423F-B4BD-EFDB556BDCDD}.Debug|Any CPU.Build.0 = Debug|Any CPU
		{33E508DD-71B1-423F-B4BD-EFDB556BDCDD}.Release|Any CPU.ActiveCfg = Release|Any CPU
		{33E508DD-71B1-423F-B4BD-EFDB556BDCDD}.Release|Any CPU.Build.0 = Release|Any CPU
	EndGlobalSection
	GlobalSection(SolutionProperties) = preSolution
		HideSolutionNode = FALSE
	EndGlobalSection
	GlobalSection(ExtensibilityGlobals) = postSolution
		SolutionGuid = {51AB8826-C5C9-4581-9CED-69C97E785A63}
	EndGlobalSection
EndGlobal
